// !$*UTF8*$!
{
	archiveVersion = 1;
	classes = {
	};
	objectVersion = 56;
	objects = {

/* Begin PBXBuildFile section */
		5501B59E2AB7142700084541 /* StorageClient.swift in Sources */ = {isa = PBXBuildFile; fileRef = 5501B59D2AB7142700084541 /* StorageClient.swift */; };
		5501B5A02AB721E200084541 /* ErrorExt.swift in Sources */ = {isa = PBXBuildFile; fileRef = 5501B59F2AB721E200084541 /* ErrorExt.swift */; };
		550818772AB69D1600BA70F7 /* ForecastViewModelTests.swift in Sources */ = {isa = PBXBuildFile; fileRef = 550818762AB69D1600BA70F7 /* ForecastViewModelTests.swift */; };
		551752C72AB4084400508615 /* WeatherDemoApp.swift in Sources */ = {isa = PBXBuildFile; fileRef = 551752C62AB4084400508615 /* WeatherDemoApp.swift */; };
		551752C92AB4084400508615 /* HomeScreen.swift in Sources */ = {isa = PBXBuildFile; fileRef = 551752C82AB4084400508615 /* HomeScreen.swift */; };
		551752CB2AB4084500508615 /* Assets.xcassets in Resources */ = {isa = PBXBuildFile; fileRef = 551752CA2AB4084500508615 /* Assets.xcassets */; };
		551752CE2AB4084500508615 /* Preview Assets.xcassets in Resources */ = {isa = PBXBuildFile; fileRef = 551752CD2AB4084500508615 /* Preview Assets.xcassets */; };
		551752D82AB4084500508615 /* WeatherViewModelTests.swift in Sources */ = {isa = PBXBuildFile; fileRef = 551752D72AB4084500508615 /* WeatherViewModelTests.swift */; };
		553140942AB57E3E009329C4 /* NavView.swift in Sources */ = {isa = PBXBuildFile; fileRef = 553140932AB57E3E009329C4 /* NavView.swift */; };
		553140962AB59186009329C4 /* mock_weather.json in Resources */ = {isa = PBXBuildFile; fileRef = 553140952AB59186009329C4 /* mock_weather.json */; };
		553140982AB59597009329C4 /* DateExt.swift in Sources */ = {isa = PBXBuildFile; fileRef = 553140972AB59597009329C4 /* DateExt.swift */; };
		5531409A2AB5A3FC009329C4 /* HeaderView.swift in Sources */ = {isa = PBXBuildFile; fileRef = 553140992AB5A3FC009329C4 /* HeaderView.swift */; };
		5531409C2AB5AB4E009329C4 /* ForecastView.swift in Sources */ = {isa = PBXBuildFile; fileRef = 5531409B2AB5AB4E009329C4 /* ForecastView.swift */; };
		5531409E2AB5C12C009329C4 /* ForecastRow.swift in Sources */ = {isa = PBXBuildFile; fileRef = 5531409D2AB5C12C009329C4 /* ForecastRow.swift */; };
		553140A02AB5C19A009329C4 /* ForecastViewModel.swift in Sources */ = {isa = PBXBuildFile; fileRef = 5531409F2AB5C19A009329C4 /* ForecastViewModel.swift */; };
		553140A22AB5D881009329C4 /* mock_error.json in Resources */ = {isa = PBXBuildFile; fileRef = 553140A12AB5D881009329C4 /* mock_error.json */; };
		554AAE8B2AB40B2E007B2B0D /* EndPoint.swift in Sources */ = {isa = PBXBuildFile; fileRef = 554AAE8A2AB40B2E007B2B0D /* EndPoint.swift */; };
		554AAE8D2AB40C70007B2B0D /* NetworkError.swift in Sources */ = {isa = PBXBuildFile; fileRef = 554AAE8C2AB40C70007B2B0D /* NetworkError.swift */; };
		554AAE8F2AB4100F007B2B0D /* GradientBackGround.swift in Sources */ = {isa = PBXBuildFile; fileRef = 554AAE8E2AB4100F007B2B0D /* GradientBackGround.swift */; };
		554AAE912AB410C4007B2B0D /* Colors.swift in Sources */ = {isa = PBXBuildFile; fileRef = 554AAE902AB410C4007B2B0D /* Colors.swift */; };
		554AAE932AB41601007B2B0D /* NetworkClient.swift in Sources */ = {isa = PBXBuildFile; fileRef = 554AAE922AB41601007B2B0D /* NetworkClient.swift */; };
		554AAE982AB45C8A007B2B0D /* WeatherData.swift in Sources */ = {isa = PBXBuildFile; fileRef = 554AAE972AB45C8A007B2B0D /* WeatherData.swift */; };
		554AAE9A2AB46C30007B2B0D /* WeatherService.swift in Sources */ = {isa = PBXBuildFile; fileRef = 554AAE992AB46C30007B2B0D /* WeatherService.swift */; };
		554AAE9C2AB46CA0007B2B0D /* WeatherEndpoint.swift in Sources */ = {isa = PBXBuildFile; fileRef = 554AAE9B2AB46CA0007B2B0D /* WeatherEndpoint.swift */; };
		554AAE9E2AB47277007B2B0D /* WeatherViewModel.swift in Sources */ = {isa = PBXBuildFile; fileRef = 554AAE9D2AB47277007B2B0D /* WeatherViewModel.swift */; };
		554AAEA02AB5709D007B2B0D /* ViewExt.swift in Sources */ = {isa = PBXBuildFile; fileRef = 554AAE9F2AB5709D007B2B0D /* ViewExt.swift */; };
		55DA2F652AB6A570001C6C58 /* Constants.swift in Sources */ = {isa = PBXBuildFile; fileRef = 55DA2F642AB6A570001C6C58 /* Constants.swift */; };
/* End PBXBuildFile section */

/* Begin PBXContainerItemProxy section */
		551752D42AB4084500508615 /* PBXContainerItemProxy */ = {
			isa = PBXContainerItemProxy;
			containerPortal = 551752BB2AB4084400508615 /* Project object */;
			proxyType = 1;
			remoteGlobalIDString = 551752C22AB4084400508615;
			remoteInfo = WeatherDemo;
		};
/* End PBXContainerItemProxy section */

/* Begin PBXFileReference section */
		5501B59D2AB7142700084541 /* StorageClient.swift */ = {isa = PBXFileReference; lastKnownFileType = sourcecode.swift; path = StorageClient.swift; sourceTree = "<group>"; };
		5501B59F2AB721E200084541 /* ErrorExt.swift */ = {isa = PBXFileReference; lastKnownFileType = sourcecode.swift; path = ErrorExt.swift; sourceTree = "<group>"; };
		550818762AB69D1600BA70F7 /* ForecastViewModelTests.swift */ = {isa = PBXFileReference; lastKnownFileType = sourcecode.swift; path = ForecastViewModelTests.swift; sourceTree = "<group>"; };
		551752C32AB4084400508615 /* WeatherDemo.app */ = {isa = PBXFileReference; explicitFileType = wrapper.application; includeInIndex = 0; path = WeatherDemo.app; sourceTree = BUILT_PRODUCTS_DIR; };
		551752C62AB4084400508615 /* WeatherDemoApp.swift */ = {isa = PBXFileReference; lastKnownFileType = sourcecode.swift; path = WeatherDemoApp.swift; sourceTree = "<group>"; };
		551752C82AB4084400508615 /* HomeScreen.swift */ = {isa = PBXFileReference; lastKnownFileType = sourcecode.swift; path = HomeScreen.swift; sourceTree = "<group>"; };
		551752CA2AB4084500508615 /* Assets.xcassets */ = {isa = PBXFileReference; lastKnownFileType = folder.assetcatalog; path = Assets.xcassets; sourceTree = "<group>"; };
		551752CD2AB4084500508615 /* Preview Assets.xcassets */ = {isa = PBXFileReference; lastKnownFileType = folder.assetcatalog; path = "Preview Assets.xcassets"; sourceTree = "<group>"; };
		551752D32AB4084500508615 /* WeatherDemoTests.xctest */ = {isa = PBXFileReference; explicitFileType = wrapper.cfbundle; includeInIndex = 0; path = WeatherDemoTests.xctest; sourceTree = BUILT_PRODUCTS_DIR; };
		551752D72AB4084500508615 /* WeatherViewModelTests.swift */ = {isa = PBXFileReference; lastKnownFileType = sourcecode.swift; path = WeatherViewModelTests.swift; sourceTree = "<group>"; };
		553140932AB57E3E009329C4 /* NavView.swift */ = {isa = PBXFileReference; lastKnownFileType = sourcecode.swift; path = NavView.swift; sourceTree = "<group>"; };
		553140952AB59186009329C4 /* mock_weather.json */ = {isa = PBXFileReference; fileEncoding = 4; lastKnownFileType = text.json; path = mock_weather.json; sourceTree = "<group>"; };
		553140972AB59597009329C4 /* DateExt.swift */ = {isa = PBXFileReference; lastKnownFileType = sourcecode.swift; path = DateExt.swift; sourceTree = "<group>"; };
		553140992AB5A3FC009329C4 /* HeaderView.swift */ = {isa = PBXFileReference; lastKnownFileType = sourcecode.swift; path = HeaderView.swift; sourceTree = "<group>"; };
		5531409B2AB5AB4E009329C4 /* ForecastView.swift */ = {isa = PBXFileReference; lastKnownFileType = sourcecode.swift; path = ForecastView.swift; sourceTree = "<group>"; };
		5531409D2AB5C12C009329C4 /* ForecastRow.swift */ = {isa = PBXFileReference; lastKnownFileType = sourcecode.swift; path = ForecastRow.swift; sourceTree = "<group>"; };
		5531409F2AB5C19A009329C4 /* ForecastViewModel.swift */ = {isa = PBXFileReference; lastKnownFileType = sourcecode.swift; path = ForecastViewModel.swift; sourceTree = "<group>"; };
		553140A12AB5D881009329C4 /* mock_error.json */ = {isa = PBXFileReference; fileEncoding = 4; lastKnownFileType = text.json; path = mock_error.json; sourceTree = "<group>"; };
		554AAE8A2AB40B2E007B2B0D /* EndPoint.swift */ = {isa = PBXFileReference; lastKnownFileType = sourcecode.swift; path = EndPoint.swift; sourceTree = "<group>"; };
		554AAE8C2AB40C70007B2B0D /* NetworkError.swift */ = {isa = PBXFileReference; lastKnownFileType = sourcecode.swift; path = NetworkError.swift; sourceTree = "<group>"; };
		554AAE8E2AB4100F007B2B0D /* GradientBackGround.swift */ = {isa = PBXFileReference; lastKnownFileType = sourcecode.swift; path = GradientBackGround.swift; sourceTree = "<group>"; };
		554AAE902AB410C4007B2B0D /* Colors.swift */ = {isa = PBXFileReference; lastKnownFileType = sourcecode.swift; path = Colors.swift; sourceTree = "<group>"; };
		554AAE922AB41601007B2B0D /* NetworkClient.swift */ = {isa = PBXFileReference; lastKnownFileType = sourcecode.swift; path = NetworkClient.swift; sourceTree = "<group>"; };
		554AAE972AB45C8A007B2B0D /* WeatherData.swift */ = {isa = PBXFileReference; lastKnownFileType = sourcecode.swift; path = WeatherData.swift; sourceTree = "<group>"; };
		554AAE992AB46C30007B2B0D /* WeatherService.swift */ = {isa = PBXFileReference; lastKnownFileType = sourcecode.swift; path = WeatherService.swift; sourceTree = "<group>"; };
		554AAE9B2AB46CA0007B2B0D /* WeatherEndpoint.swift */ = {isa = PBXFileReference; lastKnownFileType = sourcecode.swift; path = WeatherEndpoint.swift; sourceTree = "<group>"; };
		554AAE9D2AB47277007B2B0D /* WeatherViewModel.swift */ = {isa = PBXFileReference; lastKnownFileType = sourcecode.swift; path = WeatherViewModel.swift; sourceTree = "<group>"; };
		554AAE9F2AB5709D007B2B0D /* ViewExt.swift */ = {isa = PBXFileReference; lastKnownFileType = sourcecode.swift; path = ViewExt.swift; sourceTree = "<group>"; };
		55DA2F642AB6A570001C6C58 /* Constants.swift */ = {isa = PBXFileReference; lastKnownFileType = sourcecode.swift; path = Constants.swift; sourceTree = "<group>"; };
/* End PBXFileReference section */

/* Begin PBXFrameworksBuildPhase section */
		551752C02AB4084400508615 /* Frameworks */ = {
			isa = PBXFrameworksBuildPhase;
			buildActionMask = 2147483647;
			files = (
			);
			runOnlyForDeploymentPostprocessing = 0;
		};
		551752D02AB4084500508615 /* Frameworks */ = {
			isa = PBXFrameworksBuildPhase;
			buildActionMask = 2147483647;
			files = (
			);
			runOnlyForDeploymentPostprocessing = 0;
		};
/* End PBXFrameworksBuildPhase section */

/* Begin PBXGroup section */
		5501B59C2AB7140C00084541 /* Storage */ = {
			isa = PBXGroup;
			children = (
				5501B59D2AB7142700084541 /* StorageClient.swift */,
			);
			path = Storage;
			sourceTree = "<group>";
		};
		550818782AB69E8700BA70F7 /* HomeScreenTests */ = {
			isa = PBXGroup;
			children = (
				551752D72AB4084500508615 /* WeatherViewModelTests.swift */,
				550818762AB69D1600BA70F7 /* ForecastViewModelTests.swift */,
			);
			path = HomeScreenTests;
			sourceTree = "<group>";
		};
		551752BA2AB4084400508615 = {
			isa = PBXGroup;
			children = (
				551752C52AB4084400508615 /* WeatherDemo */,
				551752D62AB4084500508615 /* WeatherDemoTests */,
				551752C42AB4084400508615 /* Products */,
				A247D97E9AC4F033A857959F /* Pods */,
			);
			sourceTree = "<group>";
		};
		551752C42AB4084400508615 /* Products */ = {
			isa = PBXGroup;
			children = (
				551752C32AB4084400508615 /* WeatherDemo.app */,
				551752D32AB4084500508615 /* WeatherDemoTests.xctest */,
			);
			name = Products;
			sourceTree = "<group>";
		};
		551752C52AB4084400508615 /* WeatherDemo */ = {
			isa = PBXGroup;
			children = (
				554AAE842AB40995007B2B0D /* Modules */,
				554AAE822AB408E1007B2B0D /* Common */,
				554AAE852AB409A1007B2B0D /* Base */,
				551752C62AB4084400508615 /* WeatherDemoApp.swift */,
				551752CA2AB4084500508615 /* Assets.xcassets */,
				551752CC2AB4084500508615 /* Preview Content */,
			);
			path = WeatherDemo;
			sourceTree = "<group>";
		};
		551752CC2AB4084500508615 /* Preview Content */ = {
			isa = PBXGroup;
			children = (
				551752CD2AB4084500508615 /* Preview Assets.xcassets */,
			);
			path = "Preview Content";
			sourceTree = "<group>";
		};
		551752D62AB4084500508615 /* WeatherDemoTests */ = {
			isa = PBXGroup;
			children = (
				550818782AB69E8700BA70F7 /* HomeScreenTests */,
			);
			path = WeatherDemoTests;
			sourceTree = "<group>";
		};
		5531408F2AB57A3A009329C4 /* Modifiers */ = {
			isa = PBXGroup;
			children = (
			);
			path = Modifiers;
			sourceTree = "<group>";
		};
		553140922AB57D42009329C4 /* View */ = {
			isa = PBXGroup;
			children = (
				551752C82AB4084400508615 /* HomeScreen.swift */,
				553140932AB57E3E009329C4 /* NavView.swift */,
				553140992AB5A3FC009329C4 /* HeaderView.swift */,
				5531409B2AB5AB4E009329C4 /* ForecastView.swift */,
				5531409D2AB5C12C009329C4 /* ForecastRow.swift */,
			);
			path = View;
			sourceTree = "<group>";
		};
		554AAE822AB408E1007B2B0D /* Common */ = {
			isa = PBXGroup;
			children = (
				55DA2F662AB6AB1D001C6C58 /* Mocks */,
				5531408F2AB57A3A009329C4 /* Modifiers */,
				554AAE872AB409CC007B2B0D /* Extensions */,
				554AAE862AB409B0007B2B0D /* Constants */,
				554AAE832AB40971007B2B0D /* Views */,
			);
			path = Common;
			sourceTree = "<group>";
		};
		554AAE832AB40971007B2B0D /* Views */ = {
			isa = PBXGroup;
			children = (
				554AAE8E2AB4100F007B2B0D /* GradientBackGround.swift */,
			);
			path = Views;
			sourceTree = "<group>";
		};
		554AAE842AB40995007B2B0D /* Modules */ = {
			isa = PBXGroup;
			children = (
				554AAE882AB409E3007B2B0D /* HomeScreen */,
			);
			path = Modules;
			sourceTree = "<group>";
		};
		554AAE852AB409A1007B2B0D /* Base */ = {
			isa = PBXGroup;
			children = (
				5501B59C2AB7140C00084541 /* Storage */,
				554AAE892AB40A07007B2B0D /* Networking */,
			);
			path = Base;
			sourceTree = "<group>";
		};
		554AAE862AB409B0007B2B0D /* Constants */ = {
			isa = PBXGroup;
			children = (
				55DA2F642AB6A570001C6C58 /* Constants.swift */,
			);
			path = Constants;
			sourceTree = "<group>";
		};
		554AAE872AB409CC007B2B0D /* Extensions */ = {
			isa = PBXGroup;
			children = (
				554AAE902AB410C4007B2B0D /* Colors.swift */,
				554AAE9F2AB5709D007B2B0D /* ViewExt.swift */,
				553140972AB59597009329C4 /* DateExt.swift */,
				5501B59F2AB721E200084541 /* ErrorExt.swift */,
			);
			path = Extensions;
			sourceTree = "<group>";
		};
		554AAE882AB409E3007B2B0D /* HomeScreen */ = {
			isa = PBXGroup;
			children = (
				553140922AB57D42009329C4 /* View */,
				554AAE962AB44474007B2B0D /* ViewModels */,
				554AAE952AB44466007B2B0D /* Models */,
				554AAE942AB44453007B2B0D /* Service */,
			);
			path = HomeScreen;
			sourceTree = "<group>";
		};
		554AAE892AB40A07007B2B0D /* Networking */ = {
			isa = PBXGroup;
			children = (
				554AAE8A2AB40B2E007B2B0D /* EndPoint.swift */,
				554AAE8C2AB40C70007B2B0D /* NetworkError.swift */,
				554AAE922AB41601007B2B0D /* NetworkClient.swift */,
			);
			path = Networking;
			sourceTree = "<group>";
		};
		554AAE942AB44453007B2B0D /* Service */ = {
			isa = PBXGroup;
			children = (
				554AAE992AB46C30007B2B0D /* WeatherService.swift */,
				554AAE9B2AB46CA0007B2B0D /* WeatherEndpoint.swift */,
			);
			path = Service;
			sourceTree = "<group>";
		};
		554AAE952AB44466007B2B0D /* Models */ = {
			isa = PBXGroup;
			children = (
				554AAE972AB45C8A007B2B0D /* WeatherData.swift */,
			);
			path = Models;
			sourceTree = "<group>";
		};
		554AAE962AB44474007B2B0D /* ViewModels */ = {
			isa = PBXGroup;
			children = (
				554AAE9D2AB47277007B2B0D /* WeatherViewModel.swift */,
				5531409F2AB5C19A009329C4 /* ForecastViewModel.swift */,
			);
			path = ViewModels;
			sourceTree = "<group>";
		};
		55DA2F662AB6AB1D001C6C58 /* Mocks */ = {
			isa = PBXGroup;
			children = (
				553140A12AB5D881009329C4 /* mock_error.json */,
				553140952AB59186009329C4 /* mock_weather.json */,
			);
			path = Mocks;
			sourceTree = "<group>";
		};
		A247D97E9AC4F033A857959F /* Pods */ = {
			isa = PBXGroup;
			children = (
			);
			path = Pods;
			sourceTree = "<group>";
		};
/* End PBXGroup section */

/* Begin PBXNativeTarget section */
		551752C22AB4084400508615 /* WeatherDemo */ = {
			isa = PBXNativeTarget;
			buildConfigurationList = 551752E72AB4084500508615 /* Build configuration list for PBXNativeTarget "WeatherDemo" */;
			buildPhases = (
				551752BF2AB4084400508615 /* Sources */,
				551752C02AB4084400508615 /* Frameworks */,
				551752C12AB4084400508615 /* Resources */,
			);
			buildRules = (
			);
			dependencies = (
			);
			name = WeatherDemo;
			productName = WeatherDemo;
			productReference = 551752C32AB4084400508615 /* WeatherDemo.app */;
			productType = "com.apple.product-type.application";
		};
		551752D22AB4084500508615 /* WeatherDemoTests */ = {
			isa = PBXNativeTarget;
			buildConfigurationList = 551752EA2AB4084500508615 /* Build configuration list for PBXNativeTarget "WeatherDemoTests" */;
			buildPhases = (
				551752CF2AB4084500508615 /* Sources */,
				551752D02AB4084500508615 /* Frameworks */,
				551752D12AB4084500508615 /* Resources */,
			);
			buildRules = (
			);
			dependencies = (
				551752D52AB4084500508615 /* PBXTargetDependency */,
			);
			name = WeatherDemoTests;
			productName = WeatherDemoTests;
			productReference = 551752D32AB4084500508615 /* WeatherDemoTests.xctest */;
			productType = "com.apple.product-type.bundle.unit-test";
		};
/* End PBXNativeTarget section */

/* Begin PBXProject section */
		551752BB2AB4084400508615 /* Project object */ = {
			isa = PBXProject;
			attributes = {
				BuildIndependentTargetsInParallel = 1;
				LastSwiftUpdateCheck = 1400;
				LastUpgradeCheck = 1400;
				TargetAttributes = {
					551752C22AB4084400508615 = {
						CreatedOnToolsVersion = 14.0.1;
					};
					551752D22AB4084500508615 = {
						CreatedOnToolsVersion = 14.0.1;
						TestTargetID = 551752C22AB4084400508615;
					};
				};
			};
			buildConfigurationList = 551752BE2AB4084400508615 /* Build configuration list for PBXProject "WeatherDemo" */;
			compatibilityVersion = "Xcode 14.0";
			developmentRegion = en;
			hasScannedForEncodings = 0;
			knownRegions = (
				en,
				Base,
			);
			mainGroup = 551752BA2AB4084400508615;
			productRefGroup = 551752C42AB4084400508615 /* Products */;
			projectDirPath = "";
			projectRoot = "";
			targets = (
				551752C22AB4084400508615 /* WeatherDemo */,
				551752D22AB4084500508615 /* WeatherDemoTests */,
			);
		};
/* End PBXProject section */

/* Begin PBXResourcesBuildPhase section */
		551752C12AB4084400508615 /* Resources */ = {
			isa = PBXResourcesBuildPhase;
			buildActionMask = 2147483647;
			files = (
				553140A22AB5D881009329C4 /* mock_error.json in Resources */,
				551752CE2AB4084500508615 /* Preview Assets.xcassets in Resources */,
				551752CB2AB4084500508615 /* Assets.xcassets in Resources */,
				553140962AB59186009329C4 /* mock_weather.json in Resources */,
			);
			runOnlyForDeploymentPostprocessing = 0;
		};
		551752D12AB4084500508615 /* Resources */ = {
			isa = PBXResourcesBuildPhase;
			buildActionMask = 2147483647;
			files = (
			);
			runOnlyForDeploymentPostprocessing = 0;
		};
/* End PBXResourcesBuildPhase section */

/* Begin PBXSourcesBuildPhase section */
		551752BF2AB4084400508615 /* Sources */ = {
			isa = PBXSourcesBuildPhase;
			buildActionMask = 2147483647;
			files = (
				553140942AB57E3E009329C4 /* NavView.swift in Sources */,
				55DA2F652AB6A570001C6C58 /* Constants.swift in Sources */,
				554AAE8B2AB40B2E007B2B0D /* EndPoint.swift in Sources */,
				554AAE9A2AB46C30007B2B0D /* WeatherService.swift in Sources */,
				5531409E2AB5C12C009329C4 /* ForecastRow.swift in Sources */,
				554AAE932AB41601007B2B0D /* NetworkClient.swift in Sources */,
				554AAE9E2AB47277007B2B0D /* WeatherViewModel.swift in Sources */,
				554AAEA02AB5709D007B2B0D /* ViewExt.swift in Sources */,
				554AAE912AB410C4007B2B0D /* Colors.swift in Sources */,
				554AAE8D2AB40C70007B2B0D /* NetworkError.swift in Sources */,
				553140A02AB5C19A009329C4 /* ForecastViewModel.swift in Sources */,
				554AAE9C2AB46CA0007B2B0D /* WeatherEndpoint.swift in Sources */,
				553140982AB59597009329C4 /* DateExt.swift in Sources */,
				5531409A2AB5A3FC009329C4 /* HeaderView.swift in Sources */,
				5501B59E2AB7142700084541 /* StorageClient.swift in Sources */,
				551752C92AB4084400508615 /* HomeScreen.swift in Sources */,
				554AAE8F2AB4100F007B2B0D /* GradientBackGround.swift in Sources */,
				554AAE982AB45C8A007B2B0D /* WeatherData.swift in Sources */,
				5501B5A02AB721E200084541 /* ErrorExt.swift in Sources */,
				551752C72AB4084400508615 /* WeatherDemoApp.swift in Sources */,
				5531409C2AB5AB4E009329C4 /* ForecastView.swift in Sources */,
			);
			runOnlyForDeploymentPostprocessing = 0;
		};
		551752CF2AB4084500508615 /* Sources */ = {
			isa = PBXSourcesBuildPhase;
			buildActionMask = 2147483647;
			files = (
				551752D82AB4084500508615 /* WeatherViewModelTests.swift in Sources */,
				550818772AB69D1600BA70F7 /* ForecastViewModelTests.swift in Sources */,
			);
			runOnlyForDeploymentPostprocessing = 0;
		};
/* End PBXSourcesBuildPhase section */

/* Begin PBXTargetDependency section */
		551752D52AB4084500508615 /* PBXTargetDependency */ = {
			isa = PBXTargetDependency;
			target = 551752C22AB4084400508615 /* WeatherDemo */;
			targetProxy = 551752D42AB4084500508615 /* PBXContainerItemProxy */;
		};
/* End PBXTargetDependency section */

/* Begin XCBuildConfiguration section */
		551752E52AB4084500508615 /* Debug */ = {
			isa = XCBuildConfiguration;
			buildSettings = {
				ALWAYS_SEARCH_USER_PATHS = NO;
				CLANG_ANALYZER_NONNULL = YES;
				CLANG_ANALYZER_NUMBER_OBJECT_CONVERSION = YES_AGGRESSIVE;
				CLANG_CXX_LANGUAGE_STANDARD = "gnu++20";
				CLANG_ENABLE_MODULES = YES;
				CLANG_ENABLE_OBJC_ARC = YES;
				CLANG_ENABLE_OBJC_WEAK = YES;
				CLANG_WARN_BLOCK_CAPTURE_AUTORELEASING = YES;
				CLANG_WARN_BOOL_CONVERSION = YES;
				CLANG_WARN_COMMA = YES;
				CLANG_WARN_CONSTANT_CONVERSION = YES;
				CLANG_WARN_DEPRECATED_OBJC_IMPLEMENTATIONS = YES;
				CLANG_WARN_DIRECT_OBJC_ISA_USAGE = YES_ERROR;
				CLANG_WARN_DOCUMENTATION_COMMENTS = YES;
				CLANG_WARN_EMPTY_BODY = YES;
				CLANG_WARN_ENUM_CONVERSION = YES;
				CLANG_WARN_INFINITE_RECURSION = YES;
				CLANG_WARN_INT_CONVERSION = YES;
				CLANG_WARN_NON_LITERAL_NULL_CONVERSION = YES;
				CLANG_WARN_OBJC_IMPLICIT_RETAIN_SELF = YES;
				CLANG_WARN_OBJC_LITERAL_CONVERSION = YES;
				CLANG_WARN_OBJC_ROOT_CLASS = YES_ERROR;
				CLANG_WARN_QUOTED_INCLUDE_IN_FRAMEWORK_HEADER = YES;
				CLANG_WARN_RANGE_LOOP_ANALYSIS = YES;
				CLANG_WARN_STRICT_PROTOTYPES = YES;
				CLANG_WARN_SUSPICIOUS_MOVE = YES;
				CLANG_WARN_UNGUARDED_AVAILABILITY = YES_AGGRESSIVE;
				CLANG_WARN_UNREACHABLE_CODE = YES;
				CLANG_WARN__DUPLICATE_METHOD_MATCH = YES;
				COPY_PHASE_STRIP = NO;
				DEBUG_INFORMATION_FORMAT = dwarf;
				ENABLE_STRICT_OBJC_MSGSEND = YES;
				ENABLE_TESTABILITY = YES;
				GCC_C_LANGUAGE_STANDARD = gnu11;
				GCC_DYNAMIC_NO_PIC = NO;
				GCC_NO_COMMON_BLOCKS = YES;
				GCC_OPTIMIZATION_LEVEL = 0;
				GCC_PREPROCESSOR_DEFINITIONS = (
					"DEBUG=1",
					"$(inherited)",
				);
				GCC_WARN_64_TO_32_BIT_CONVERSION = YES;
				GCC_WARN_ABOUT_RETURN_TYPE = YES_ERROR;
				GCC_WARN_UNDECLARED_SELECTOR = YES;
				GCC_WARN_UNINITIALIZED_AUTOS = YES_AGGRESSIVE;
				GCC_WARN_UNUSED_FUNCTION = YES;
				GCC_WARN_UNUSED_VARIABLE = YES;
				IPHONEOS_DEPLOYMENT_TARGET = 16.0;
				MTL_ENABLE_DEBUG_INFO = INCLUDE_SOURCE;
				MTL_FAST_MATH = YES;
				ONLY_ACTIVE_ARCH = YES;
				SDKROOT = iphoneos;
				SWIFT_ACTIVE_COMPILATION_CONDITIONS = DEBUG;
				SWIFT_OPTIMIZATION_LEVEL = "-Onone";
			};
			name = Debug;
		};
		551752E62AB4084500508615 /* Release */ = {
			isa = XCBuildConfiguration;
			buildSettings = {
				ALWAYS_SEARCH_USER_PATHS = NO;
				CLANG_ANALYZER_NONNULL = YES;
				CLANG_ANALYZER_NUMBER_OBJECT_CONVERSION = YES_AGGRESSIVE;
				CLANG_CXX_LANGUAGE_STANDARD = "gnu++20";
				CLANG_ENABLE_MODULES = YES;
				CLANG_ENABLE_OBJC_ARC = YES;
				CLANG_ENABLE_OBJC_WEAK = YES;
				CLANG_WARN_BLOCK_CAPTURE_AUTORELEASING = YES;
				CLANG_WARN_BOOL_CONVERSION = YES;
				CLANG_WARN_COMMA = YES;
				CLANG_WARN_CONSTANT_CONVERSION = YES;
				CLANG_WARN_DEPRECATED_OBJC_IMPLEMENTATIONS = YES;
				CLANG_WARN_DIRECT_OBJC_ISA_USAGE = YES_ERROR;
				CLANG_WARN_DOCUMENTATION_COMMENTS = YES;
				CLANG_WARN_EMPTY_BODY = YES;
				CLANG_WARN_ENUM_CONVERSION = YES;
				CLANG_WARN_INFINITE_RECURSION = YES;
				CLANG_WARN_INT_CONVERSION = YES;
				CLANG_WARN_NON_LITERAL_NULL_CONVERSION = YES;
				CLANG_WARN_OBJC_IMPLICIT_RETAIN_SELF = YES;
				CLANG_WARN_OBJC_LITERAL_CONVERSION = YES;
				CLANG_WARN_OBJC_ROOT_CLASS = YES_ERROR;
				CLANG_WARN_QUOTED_INCLUDE_IN_FRAMEWORK_HEADER = YES;
				CLANG_WARN_RANGE_LOOP_ANALYSIS = YES;
				CLANG_WARN_STRICT_PROTOTYPES = YES;
				CLANG_WARN_SUSPICIOUS_MOVE = YES;
				CLANG_WARN_UNGUARDED_AVAILABILITY = YES_AGGRESSIVE;
				CLANG_WARN_UNREACHABLE_CODE = YES;
				CLANG_WARN__DUPLICATE_METHOD_MATCH = YES;
				COPY_PHASE_STRIP = NO;
				DEBUG_INFORMATION_FORMAT = "dwarf-with-dsym";
				ENABLE_NS_ASSERTIONS = NO;
				ENABLE_STRICT_OBJC_MSGSEND = YES;
				GCC_C_LANGUAGE_STANDARD = gnu11;
				GCC_NO_COMMON_BLOCKS = YES;
				GCC_WARN_64_TO_32_BIT_CONVERSION = YES;
				GCC_WARN_ABOUT_RETURN_TYPE = YES_ERROR;
				GCC_WARN_UNDECLARED_SELECTOR = YES;
				GCC_WARN_UNINITIALIZED_AUTOS = YES_AGGRESSIVE;
				GCC_WARN_UNUSED_FUNCTION = YES;
				GCC_WARN_UNUSED_VARIABLE = YES;
				IPHONEOS_DEPLOYMENT_TARGET = 16.0;
				MTL_ENABLE_DEBUG_INFO = NO;
				MTL_FAST_MATH = YES;
				SDKROOT = iphoneos;
				SWIFT_COMPILATION_MODE = wholemodule;
				SWIFT_OPTIMIZATION_LEVEL = "-O";
				VALIDATE_PRODUCT = YES;
			};
			name = Release;
		};
		551752E82AB4084500508615 /* Debug */ = {
			isa = XCBuildConfiguration;
			buildSettings = {
				ASSETCATALOG_COMPILER_APPICON_NAME = AppIcon;
				ASSETCATALOG_COMPILER_GLOBAL_ACCENT_COLOR_NAME = AccentColor;
				CODE_SIGN_STYLE = Automatic;
				CURRENT_PROJECT_VERSION = 1;
				DEVELOPMENT_ASSET_PATHS = "\"WeatherDemo/Preview Content\"";
				ENABLE_PREVIEWS = YES;
				GENERATE_INFOPLIST_FILE = YES;
				INFOPLIST_KEY_UIApplicationSceneManifest_Generation = YES;
				INFOPLIST_KEY_UIApplicationSupportsIndirectInputEvents = YES;
				INFOPLIST_KEY_UILaunchScreen_Generation = YES;
				INFOPLIST_KEY_UISupportedInterfaceOrientations_iPad = "UIInterfaceOrientationPortrait UIInterfaceOrientationPortraitUpsideDown UIInterfaceOrientationLandscapeLeft UIInterfaceOrientationLandscapeRight";
				INFOPLIST_KEY_UISupportedInterfaceOrientations_iPhone = "UIInterfaceOrientationPortrait UIInterfaceOrientationLandscapeLeft UIInterfaceOrientationLandscapeRight";
				LD_RUNPATH_SEARCH_PATHS = (
					"$(inherited)",
					"@executable_path/Frameworks",
				);
				MARKETING_VERSION = 1.0;
				PRODUCT_BUNDLE_IDENTIFIER = G10X.WeatherDemo;
				PRODUCT_NAME = "$(TARGET_NAME)";
				SWIFT_EMIT_LOC_STRINGS = YES;
				SWIFT_VERSION = 5.0;
				TARGETED_DEVICE_FAMILY = "1,2";
			};
			name = Debug;
		};
		551752E92AB4084500508615 /* Release */ = {
			isa = XCBuildConfiguration;
			buildSettings = {
				ASSETCATALOG_COMPILER_APPICON_NAME = AppIcon;
				ASSETCATALOG_COMPILER_GLOBAL_ACCENT_COLOR_NAME = AccentColor;
				CODE_SIGN_STYLE = Automatic;
				CURRENT_PROJECT_VERSION = 1;
				DEVELOPMENT_ASSET_PATHS = "\"WeatherDemo/Preview Content\"";
				ENABLE_PREVIEWS = YES;
				GENERATE_INFOPLIST_FILE = YES;
				INFOPLIST_KEY_UIApplicationSceneManifest_Generation = YES;
				INFOPLIST_KEY_UIApplicationSupportsIndirectInputEvents = YES;
				INFOPLIST_KEY_UILaunchScreen_Generation = YES;
				INFOPLIST_KEY_UISupportedInterfaceOrientations_iPad = "UIInterfaceOrientationPortrait UIInterfaceOrientationPortraitUpsideDown UIInterfaceOrientationLandscapeLeft UIInterfaceOrientationLandscapeRight";
				INFOPLIST_KEY_UISupportedInterfaceOrientations_iPhone = "UIInterfaceOrientationPortrait UIInterfaceOrientationLandscapeLeft UIInterfaceOrientationLandscapeRight";
				LD_RUNPATH_SEARCH_PATHS = (
					"$(inherited)",
					"@executable_path/Frameworks",
				);
				MARKETING_VERSION = 1.0;
				PRODUCT_BUNDLE_IDENTIFIER = G10X.WeatherDemo;
				PRODUCT_NAME = "$(TARGET_NAME)";
				SWIFT_EMIT_LOC_STRINGS = YES;
				SWIFT_VERSION = 5.0;
				TARGETED_DEVICE_FAMILY = "1,2";
			};
			name = Release;
		};
		551752EB2AB4084500508615 /* Debug */ = {
			isa = XCBuildConfiguration;
			buildSettings = {
				ALWAYS_EMBED_SWIFT_STANDARD_LIBRARIES = YES;
				BUNDLE_LOADER = "$(TEST_HOST)";
				CODE_SIGN_STYLE = Automatic;
				CURRENT_PROJECT_VERSION = 1;
				GENERATE_INFOPLIST_FILE = YES;
				IPHONEOS_DEPLOYMENT_TARGET = 16.0;
				MARKETING_VERSION = 1.0;
				PRODUCT_BUNDLE_IDENTIFIER = G10X.WeatherDemoTests;
				PRODUCT_NAME = "$(TARGET_NAME)";
				SWIFT_EMIT_LOC_STRINGS = NO;
				SWIFT_VERSION = 5.0;
				TARGETED_DEVICE_FAMILY = "1,2";
				TEST_HOST = "$(BUILT_PRODUCTS_DIR)/WeatherDemo.app/$(BUNDLE_EXECUTABLE_FOLDER_PATH)/WeatherDemo";
			};
			name = Debug;
		};
		551752EC2AB4084500508615 /* Release */ = {
			isa = XCBuildConfiguration;
			buildSettings = {
				ALWAYS_EMBED_SWIFT_STANDARD_LIBRARIES = YES;
				BUNDLE_LOADER = "$(TEST_HOST)";
				CODE_SIGN_STYLE = Automatic;
				CURRENT_PROJECT_VERSION = 1;
				GENERATE_INFOPLIST_FILE = YES;
				IPHONEOS_DEPLOYMENT_TARGET = 16.0;
				MARKETING_VERSION = 1.0;
				PRODUCT_BUNDLE_IDENTIFIER = G10X.WeatherDemoTests;
				PRODUCT_NAME = "$(TARGET_NAME)";
				SWIFT_EMIT_LOC_STRINGS = NO;
				SWIFT_VERSION = 5.0;
				TARGETED_DEVICE_FAMILY = "1,2";
				TEST_HOST = "$(BUILT_PRODUCTS_DIR)/WeatherDemo.app/$(BUNDLE_EXECUTABLE_FOLDER_PATH)/WeatherDemo";
			};
			name = Release;
		};
/* End XCBuildConfiguration section */

/* Begin XCConfigurationList section */
		551752BE2AB4084400508615 /* Build configuration list for PBXProject "WeatherDemo" */ = {
			isa = XCConfigurationList;
			buildConfigurations = (
				551752E52AB4084500508615 /* Debug */,
				551752E62AB4084500508615 /* Release */,
			);
			defaultConfigurationIsVisible = 0;
			defaultConfigurationName = Release;
		};
		551752E72AB4084500508615 /* Build configuration list for PBXNativeTarget "WeatherDemo" */ = {
			isa = XCConfigurationList;
			buildConfigurations = (
				551752E82AB4084500508615 /* Debug */,
				551752E92AB4084500508615 /* Release */,
			);
			defaultConfigurationIsVisible = 0;
			defaultConfigurationName = Release;
		};
		551752EA2AB4084500508615 /* Build configuration list for PBXNativeTarget "WeatherDemoTests" */ = {
			isa = XCConfigurationList;
			buildConfigurations = (
				551752EB2AB4084500508615 /* Debug */,
				551752EC2AB4084500508615 /* Release */,
			);
			defaultConfigurationIsVisible = 0;
			defaultConfigurationName = Release;
		};
/* End XCConfigurationList section */
	};
	rootObject = 551752BB2AB4084400508615 /* Project object */;
}
